
Microsoft Visual Studio Solution File, Format Version 12.00
# Visual Studio 15
VisualStudioVersion = 15.0.27428.2037
MinimumVisualStudioVersion = 10.0.40219.1
Project("{9A19103F-16F7-4668-BE54-9A1E7A4F7556}") = "Audacia.Typescript", "Audacia.Typescript\Audacia.Typescript.csproj", "{C83336E8-537E-456C-BD18-6B90A4E495A4}"
EndProject
Project("{9A19103F-16F7-4668-BE54-9A1E7A4F7556}") = "Audacia.Typescript.Tests", "Audacia.Typescript.Tests\Audacia.Typescript.Tests.csproj", "{C9D1FEAC-8854-4E22-B126-EC6FE42673CB}"
EndProject
Project("{9A19103F-16F7-4668-BE54-9A1E7A4F7556}") = "Audacia.Typescript.Transpiler", "Audacia.Typescript.Transpiler\Audacia.Typescript.Transpiler.csproj", "{D8302F08-C208-4B27-925E-FD498A649DB4}"
EndProject
Project("{9A19103F-16F7-4668-BE54-9A1E7A4F7556}") = "Audacia.Typescript.Transpiler.Tests", "Audacia.Typescript.Transpiler.Tests\Audacia.Typescript.Transpiler.Tests.csproj", "{363CD5BC-ABC0-4429-8528-3F584FFFC518}"
EndProject
Project("{2150E333-8FDC-42A3-9474-1A3956D46DE8}") = "Tests", "Tests", "{00CCEBA9-EB5F-4030-AF5B-DAEF7E7C934D}"
EndProject
Project("{FAE04EC0-301F-11D3-BF4B-00C04F79EFBC}") = "Audacia.Typescript.Transpiler.Examples", "Audacia.Typescript.Transpiler.Examples\Audacia.Typescript.Transpiler.Examples.csproj", "{DA26E7D9-7373-4E56-B026-6B6ED0F60080}"
EndProject
Global
	GlobalSection(SolutionConfigurationPlatforms) = preSolution
		Debug|Any CPU = Debug|Any CPU
		Release|Any CPU = Release|Any CPU
	EndGlobalSection
	GlobalSection(ProjectConfigurationPlatforms) = postSolution
		{C83336E8-537E-456C-BD18-6B90A4E495A4}.Debug|Any CPU.ActiveCfg = Debug|Any CPU
		{C83336E8-537E-456C-BD18-6B90A4E495A4}.Debug|Any CPU.Build.0 = Debug|Any CPU
		{C83336E8-537E-456C-BD18-6B90A4E495A4}.Release|Any CPU.ActiveCfg = Release|Any CPU
		{C83336E8-537E-456C-BD18-6B90A4E495A4}.Release|Any CPU.Build.0 = Release|Any CPU
		{C9D1FEAC-8854-4E22-B126-EC6FE42673CB}.Debug|Any CPU.ActiveCfg = Debug|Any CPU
		{C9D1FEAC-8854-4E22-B126-EC6FE42673CB}.Debug|Any CPU.Build.0 = Debug|Any CPU
		{C9D1FEAC-8854-4E22-B126-EC6FE42673CB}.Release|Any CPU.ActiveCfg = Release|Any CPU
		{C9D1FEAC-8854-4E22-B126-EC6FE42673CB}.Release|Any CPU.Build.0 = Release|Any CPU
		{D8302F08-C208-4B27-925E-FD498A649DB4}.Debug|Any CPU.ActiveCfg = Debug|Any CPU
		{D8302F08-C208-4B27-925E-FD498A649DB4}.Debug|Any CPU.Build.0 = Debug|Any CPU
		{D8302F08-C208-4B27-925E-FD498A649DB4}.Release|Any CPU.ActiveCfg = Release|Any CPU
		{D8302F08-C208-4B27-925E-FD498A649DB4}.Release|Any CPU.Build.0 = Release|Any CPU
		{363CD5BC-ABC0-4429-8528-3F584FFFC518}.Debug|Any CPU.ActiveCfg = Debug|Any CPU
		{363CD5BC-ABC0-4429-8528-3F584FFFC518}.Debug|Any CPU.Build.0 = Debug|Any CPU
		{363CD5BC-ABC0-4429-8528-3F584FFFC518}.Release|Any CPU.ActiveCfg = Release|Any CPU
		{363CD5BC-ABC0-4429-8528-3F584FFFC518}.Release|Any CPU.Build.0 = Release|Any CPU
		{DA26E7D9-7373-4E56-B026-6B6ED0F60080}.Debug|Any CPU.ActiveCfg = Debug|Any CPU
		{DA26E7D9-7373-4E56-B026-6B6ED0F60080}.Debug|Any CPU.Build.0 = Debug|Any CPU
		{DA26E7D9-7373-4E56-B026-6B6ED0F60080}.Release|Any CPU.ActiveCfg = Release|Any CPU
		{DA26E7D9-7373-4E56-B026-6B6ED0F60080}.Release|Any CPU.Build.0 = Release|Any CPU
	EndGlobalSection
	GlobalSection(SolutionProperties) = preSolution
		HideSolutionNode = FALSE
	EndGlobalSection
	GlobalSection(NestedProjects) = preSolution
		{C9D1FEAC-8854-4E22-B126-EC6FE42673CB} = {00CCEBA9-EB5F-4030-AF5B-DAEF7E7C934D}
		{363CD5BC-ABC0-4429-8528-3F584FFFC518} = {00CCEBA9-EB5F-4030-AF5B-DAEF7E7C934D}
		{DA26E7D9-7373-4E56-B026-6B6ED0F60080} = {00CCEBA9-EB5F-4030-AF5B-DAEF7E7C934D}
	EndGlobalSection
	GlobalSection(ExtensibilityGlobals) = postSolution
		SolutionGuid = {26F6F7F3-75BB-459A-B701-2464DC5BD812}
	EndGlobalSection
EndGlobal
